
Microsoft Visual Studio Solution File, Format Version 12.00
# Visual Studio Version 17
VisualStudioVersion = 17.5.33627.172
MinimumVisualStudioVersion = 10.0.40219.1
Project("{FAE04EC0-301F-11D3-BF4B-00C04F79EFBC}") = "WCFWeather.Service", "WCFWeather.Service\WCFWeather.Service.csproj", "{82EF0B12-87D0-4770-863D-682C5CCC65DC}"
EndProject
Global
	GlobalSection(SolutionConfigurationPlatforms) = preSolution
		Debug|Any CPU = Debug|Any CPU
		Release|Any CPU = Release|Any CPU
	EndGlobalSection
	GlobalSection(ProjectConfigurationPlatforms) = postSolution
		{82EF0B12-87D0-4770-863D-682C5CCC65DC}.Debug|Any CPU.ActiveCfg = Debug|Any CPU
		{82EF0B12-87D0-4770-863D-682C5CCC65DC}.Debug|Any CPU.Build.0 = Debug|Any CPU
		{82EF0B12-87D0-4770-863D-682C5CCC65DC}.Release|Any CPU.ActiveCfg = Release|Any CPU
		{82EF0B12-87D0-4770-863D-682C5CCC65DC}.Release|Any CPU.Build.0 = Release|Any CPU
	EndGlobalSection
	GlobalSection(SolutionProperties) = preSolution
		HideSolutionNode = FALSE
	EndGlobalSection
	GlobalSection(ExtensibilityGlobals) = postSolution
		SolutionGuid = {6C8C5A39-263C-427D-8B5B-78B3D3EEB413}
	EndGlobalSection
EndGlobal
