
Microsoft Visual Studio Solution File, Format Version 12.00
# Visual Studio Version 17
VisualStudioVersion = 17.5.33627.172
MinimumVisualStudioVersion = 10.0.40219.1
Project("{FAE04EC0-301F-11D3-BF4B-00C04F79EFBC}") = "Client", "Client\Client.csproj", "{C7443C86-84DA-4B1E-932C-02257CE5B63C}"
	ProjectSection(ProjectDependencies) = postProject
		{6FB1E3C2-BFDF-41F9-8245-57E547F295CC} = {6FB1E3C2-BFDF-41F9-8245-57E547F295CC}
	EndProjectSection
EndProject
Project("{FAE04EC0-301F-11D3-BF4B-00C04F79EFBC}") = "Service", "WCFHost\Service.csproj", "{6FB1E3C2-BFDF-41F9-8245-57E547F295CC}"
EndProject
Project("{FAE04EC0-301F-11D3-BF4B-00C04F79EFBC}") = "AppHoster", "AppHoster\AppHoster.csproj", "{8DD4AF96-2BD0-4FD5-B7EB-8C4F9A37D1E3}"
EndProject
Global
	GlobalSection(SolutionConfigurationPlatforms) = preSolution
		Debug|Any CPU = Debug|Any CPU
		Release|Any CPU = Release|Any CPU
	EndGlobalSection
	GlobalSection(ProjectConfigurationPlatforms) = postSolution
		{C7443C86-84DA-4B1E-932C-02257CE5B63C}.Debug|Any CPU.ActiveCfg = Debug|Any CPU
		{C7443C86-84DA-4B1E-932C-02257CE5B63C}.Debug|Any CPU.Build.0 = Debug|Any CPU
		{C7443C86-84DA-4B1E-932C-02257CE5B63C}.Release|Any CPU.ActiveCfg = Release|Any CPU
		{C7443C86-84DA-4B1E-932C-02257CE5B63C}.Release|Any CPU.Build.0 = Release|Any CPU
		{6FB1E3C2-BFDF-41F9-8245-57E547F295CC}.Debug|Any CPU.ActiveCfg = Debug|Any CPU
		{6FB1E3C2-BFDF-41F9-8245-57E547F295CC}.Debug|Any CPU.Build.0 = Debug|Any CPU
		{6FB1E3C2-BFDF-41F9-8245-57E547F295CC}.Release|Any CPU.ActiveCfg = Release|Any CPU
		{6FB1E3C2-BFDF-41F9-8245-57E547F295CC}.Release|Any CPU.Build.0 = Release|Any CPU
		{8DD4AF96-2BD0-4FD5-B7EB-8C4F9A37D1E3}.Debug|Any CPU.ActiveCfg = Debug|Any CPU
		{8DD4AF96-2BD0-4FD5-B7EB-8C4F9A37D1E3}.Debug|Any CPU.Build.0 = Debug|Any CPU
		{8DD4AF96-2BD0-4FD5-B7EB-8C4F9A37D1E3}.Release|Any CPU.ActiveCfg = Release|Any CPU
		{8DD4AF96-2BD0-4FD5-B7EB-8C4F9A37D1E3}.Release|Any CPU.Build.0 = Release|Any CPU
	EndGlobalSection
	GlobalSection(SolutionProperties) = preSolution
		HideSolutionNode = FALSE
	EndGlobalSection
	GlobalSection(ExtensibilityGlobals) = postSolution
		SolutionGuid = {D26C6E3A-D57C-4B04-9BEE-300913CF076C}
	EndGlobalSection
EndGlobal
