
Microsoft Visual Studio Solution File, Format Version 12.00
# Visual Studio Version 17
VisualStudioVersion = 17.5.33627.172
MinimumVisualStudioVersion = 10.0.40219.1
Project("{FAE04EC0-301F-11D3-BF4B-00C04F79EFBC}") = "TP07WinServices", "TP07WinServices\TP07WinServices.csproj", "{A0CF5D94-D8A2-42E2-B941-1511BE76F172}"
EndProject
Global
	GlobalSection(SolutionConfigurationPlatforms) = preSolution
		Debug|Any CPU = Debug|Any CPU
		Release|Any CPU = Release|Any CPU
	EndGlobalSection
	GlobalSection(ProjectConfigurationPlatforms) = postSolution
		{A0CF5D94-D8A2-42E2-B941-1511BE76F172}.Debug|Any CPU.ActiveCfg = Debug|Any CPU
		{A0CF5D94-D8A2-42E2-B941-1511BE76F172}.Debug|Any CPU.Build.0 = Debug|Any CPU
		{A0CF5D94-D8A2-42E2-B941-1511BE76F172}.Release|Any CPU.ActiveCfg = Release|Any CPU
		{A0CF5D94-D8A2-42E2-B941-1511BE76F172}.Release|Any CPU.Build.0 = Release|Any CPU
	EndGlobalSection
	GlobalSection(SolutionProperties) = preSolution
		HideSolutionNode = FALSE
	EndGlobalSection
	GlobalSection(ExtensibilityGlobals) = postSolution
		SolutionGuid = {491CF54E-371B-4E37-B5FF-923587696CE8}
	EndGlobalSection
EndGlobal
